
Microsoft Visual Studio Solution File, Format Version 12.00
# Visual Studio 15
VisualStudioVersion = 15.0.27703.2042
MinimumVisualStudioVersion = 10.0.40219.1
Project("{F184B08F-C81C-45F6-A57F-5ABD9991F28F}") = "Tally Easy Entry", "Tally Easy Entry\Tally Easy Entry.vbproj", "{317A040A-90A6-4EAF-830C-41C7A529666F}"
EndProject
Global
	GlobalSection(SolutionConfigurationPlatforms) = preSolution
		Debug|Any CPU = Debug|Any CPU
		Release|Any CPU = Release|Any CPU
	EndGlobalSection
	GlobalSection(ProjectConfigurationPlatforms) = postSolution
		{317A040A-90A6-4EAF-830C-41C7A529666F}.Debug|Any CPU.ActiveCfg = Debug|Any CPU
		{317A040A-90A6-4EAF-830C-41C7A529666F}.Debug|Any CPU.Build.0 = Debug|Any CPU
		{317A040A-90A6-4EAF-830C-41C7A529666F}.Release|Any CPU.ActiveCfg = Release|Any CPU
		{317A040A-90A6-4EAF-830C-41C7A529666F}.Release|Any CPU.Build.0 = Release|Any CPU
	EndGlobalSection
	GlobalSection(SolutionProperties) = preSolution
		HideSolutionNode = FALSE
	EndGlobalSection
	GlobalSection(ExtensibilityGlobals) = postSolution
		SolutionGuid = {07B2D19D-1A02-4324-90F6-829530247BFC}
	EndGlobalSection
EndGlobal
