
Microsoft Visual Studio Solution File, Format Version 11.00
# Visual Studio 2010
Project("{F184B08F-C81C-45F6-A57F-5ABD9991F28F}") = "Tally - Auto Entry", "Tally - Auto Entry\Tally - Auto Entry.vbproj", "{029525CD-8D29-4B59-B31B-24E2C2AA2A1D}"
EndProject
Global
	GlobalSection(SolutionConfigurationPlatforms) = preSolution
		Debug|Any CPU = Debug|Any CPU
		Release|Any CPU = Release|Any CPU
	EndGlobalSection
	GlobalSection(ProjectConfigurationPlatforms) = postSolution
		{029525CD-8D29-4B59-B31B-24E2C2AA2A1D}.Debug|Any CPU.ActiveCfg = Debug|Any CPU
		{029525CD-8D29-4B59-B31B-24E2C2AA2A1D}.Debug|Any CPU.Build.0 = Debug|Any CPU
		{029525CD-8D29-4B59-B31B-24E2C2AA2A1D}.Release|Any CPU.ActiveCfg = Release|Any CPU
		{029525CD-8D29-4B59-B31B-24E2C2AA2A1D}.Release|Any CPU.Build.0 = Release|Any CPU
	EndGlobalSection
	GlobalSection(SolutionProperties) = preSolution
		HideSolutionNode = FALSE
	EndGlobalSection
EndGlobal
